
Microsoft Visual Studio Solution File, Format Version 12.00
# Visual Studio Version 17
VisualStudioVersion = 17.3.32825.248
MinimumVisualStudioVersion = 10.0.40219.1
Project("{FAE04EC0-301F-11D3-BF4B-00C04F79EFBC}") = "лаба 2", "лаба 2\лаба 2.csproj", "{99B66E59-B12F-4D33-964D-65A8F739716C}"
EndProject
Global
	GlobalSection(SolutionConfigurationPlatforms) = preSolution
		Debug|Any CPU = Debug|Any CPU
		Release|Any CPU = Release|Any CPU
	EndGlobalSection
	GlobalSection(ProjectConfigurationPlatforms) = postSolution
		{99B66E59-B12F-4D33-964D-65A8F739716C}.Debug|Any CPU.ActiveCfg = Debug|Any CPU
		{99B66E59-B12F-4D33-964D-65A8F739716C}.Debug|Any CPU.Build.0 = Debug|Any CPU
		{99B66E59-B12F-4D33-964D-65A8F739716C}.Release|Any CPU.ActiveCfg = Release|Any CPU
		{99B66E59-B12F-4D33-964D-65A8F739716C}.Release|Any CPU.Build.0 = Release|Any CPU
	EndGlobalSection
	GlobalSection(SolutionProperties) = preSolution
		HideSolutionNode = FALSE
	EndGlobalSection
	GlobalSection(ExtensibilityGlobals) = postSolution
		SolutionGuid = {D6E10E5C-0924-4802-A719-57B72E16FA5B}
	EndGlobalSection
EndGlobal
